<?xml version="1.0" encoding="utf-8"?>
<Project ToolsVersion="4.0" xmlns="http://schemas.microsoft.com/developer/msbuild/2003">
  <ItemGroup>
    <ClCompile Include="pch.cpp" />
    <ClCompile Include="TestClient.cpp" />
    <ClCompile Include="DummyClient.cpp" />
    <ClCompile Include="DummyCommandTask.cpp" />
    <ClCompile Include="DummyClientContext.cpp">
      <Filter>Contents</Filter>
    </ClCompile>
  </ItemGroup>
  <ItemGroup>
    <ClInclude Include="pch.h" />
    <ClInclude Include="DummyClient.h" />
    <ClInclude Include="DummyCommandTask.h" />
    <ClInclude Include="DummyClientContext.h">
      <Filter>Contents</Filter>
    </ClInclude>
  </ItemGroup>
  <ItemGroup>
    <Filter Include="Contents">
      <UniqueIdentifier>{68af0e8b-e954-436d-8336-a288f52f9c39}</UniqueIdentifier>
    </Filter>
  </ItemGroup>
</Project>