<?xml version="1.0" encoding="utf-8"?>
<Project ToolsVersion="4.0" xmlns="http://schemas.microsoft.com/developer/msbuild/2003">
  <ItemGroup>
    <ClCompile Include="pch.cpp" />
    <ClCompile Include="TestServer.cpp" />
    <ClCompile Include="ServerBase.cpp">
      <Filter>Server</Filter>
    </ClCompile>
    <ClCompile Include="ServerTask.cpp">
      <Filter>Server</Filter>
    </ClCompile>
    <ClCompile Include="Listener.cpp">
      <Filter>Network</Filter>
    </ClCompile>
    <ClCompile Include="NetworkSelectMode.cpp">
      <Filter>Network\Mode</Filter>
    </ClCompile>
    <ClCompile Include="SessionManager.cpp">
      <Filter>Network</Filter>
    </ClCompile>
    <ClCompile Include="Session.cpp">
      <Filter>Network</Filter>
    </ClCompile>
    <ClCompile Include="SelectListenTask.cpp">
      <Filter>Network\Task</Filter>
    </ClCompile>
    <ClCompile Include="Receiver.cpp">
      <Filter>Network</Filter>
    </ClCompile>
    <ClCompile Include="CRecvTask.cpp">
      <Filter>Network\Task</Filter>
    </ClCompile>
    <ClCompile Include="MessageContextBase.cpp">
      <Filter>Network\MessageProc</Filter>
    </ClCompile>
  </ItemGroup>
  <ItemGroup>
    <ClInclude Include="pch.h" />
    <ClInclude Include="ServerBase.h">
      <Filter>Server</Filter>
    </ClInclude>
    <ClInclude Include="ServerTask.h">
      <Filter>Server</Filter>
    </ClInclude>
    <ClInclude Include="Listener.h">
      <Filter>Network</Filter>
    </ClInclude>
    <ClInclude Include="NetworkMode.h">
      <Filter>Network\Mode</Filter>
    </ClInclude>
    <ClInclude Include="NetworkSelectMode.h">
      <Filter>Network\Mode</Filter>
    </ClInclude>
    <ClInclude Include="SessionManager.h">
      <Filter>Network</Filter>
    </ClInclude>
    <ClInclude Include="Session.h">
      <Filter>Network</Filter>
    </ClInclude>
    <ClInclude Include="SelectListenTask.h">
      <Filter>Network\Task</Filter>
    </ClInclude>
    <ClInclude Include="Receiver.h">
      <Filter>Network</Filter>
    </ClInclude>
    <ClInclude Include="CRecvTask.h">
      <Filter>Network\Task</Filter>
    </ClInclude>
    <ClInclude Include="MessageContextBase.h">
      <Filter>Network\MessageProc</Filter>
    </ClInclude>
  </ItemGroup>
  <ItemGroup>
    <Filter Include="Server">
      <UniqueIdentifier>{c7e59e65-6565-4cf0-9058-8c058e7af325}</UniqueIdentifier>
    </Filter>
    <Filter Include="Network">
      <UniqueIdentifier>{f3a4f75e-3eaa-4c2c-88d4-e25e4d631b06}</UniqueIdentifier>
    </Filter>
    <Filter Include="Network\Mode">
      <UniqueIdentifier>{c7b4f5a4-b0c3-4eb2-b1e4-2c2995b02af5}</UniqueIdentifier>
    </Filter>
    <Filter Include="Network\Task">
      <UniqueIdentifier>{3f0c6eec-0bd9-4287-a51c-121fdbf3361e}</UniqueIdentifier>
    </Filter>
    <Filter Include="Network\MessageProc">
      <UniqueIdentifier>{16a5d239-0e03-4cfe-98b4-dbab43f0598f}</UniqueIdentifier>
    </Filter>
  </ItemGroup>
</Project>